{
  "name": "script-arena",
  "version": "0.0.1",
  "lockfileVersion": 1,
  "requires": true,
  "dependencies": {
    "@types/node": {
      "version": "14.0.23",
      "resolved": "https://registry.npmjs.org/@types/node/-/node-14.0.23.tgz",
      "integrity": "sha512-Z4U8yDAl5TFkmYsZdFPdjeMa57NOvnaf1tljHzhouaPEp7LCj2JKkejpI1ODviIAQuW4CcQmxkQ77rnLsOOoKw==",
      "dev": true
    },
    "isolated-vm": {
      "version": "4.3.7",
      "resolved": "https://registry.npmjs.org/isolated-vm/-/isolated-vm-4.3.7.tgz",
      "integrity": "sha512-tFMn2HwoSrwCfRdiNpNLn3ucaOlupyGd+C1X3aoqtpJxOLBLgWd6FQGLNXx/Ixmq8H0fWhj4tHaQSrB1ogreJQ=="
    },
    "ivm-inspect": {
      "version": "file:ivm-inspect",
      "requires": {
        "nan": "^2.14.1"
      },
      "dependencies": {
        "nan": {
          "version": "2.14.1",
          "resolved": "https://registry.npmjs.org/nan/-/nan-2.14.1.tgz",
          "integrity": "sha512-isWHgVjnFjh2x2yuJ/tj3JbwoHu3UC2dX5G/88Cm24yB6YopVgxvBObDY7n5xW6ExmFhJpSEQqFPvq9zaXc8Jw=="
        },
        "typescript": {
          "version": "3.9.7",
          "resolved": "https://registry.npmjs.org/typescript/-/typescript-3.9.7.tgz",
          "integrity": "sha512-BLbiRkiBzAwsjut4x/dsibSTB6yWpwT5qWmC2OfuCg3GgVQCSgMs4vEctYPhsaGtd0AeuuHMkjZ2h2WG8MSzRw=="
        }
      }
    },
    "nan": {
      "version": "2.14.1",
      "resolved": "https://registry.npmjs.org/nan/-/nan-2.14.1.tgz",
      "integrity": "sha512-isWHgVjnFjh2x2yuJ/tj3JbwoHu3UC2dX5G/88Cm24yB6YopVgxvBObDY7n5xW6ExmFhJpSEQqFPvq9zaXc8Jw==",
      "dev": true
    },
    "sleep": {
      "version": "6.3.0",
      "resolved": "https://registry.npmjs.org/sleep/-/sleep-6.3.0.tgz",
      "integrity": "sha512-+WgYl951qdUlb1iS97UvQ01pkauoBK9ML9I/CMPg41v0Ze4EyMlTgFTDDo32iYj98IYqxIjDMRd+L71lawFfpQ==",
      "dev": true,
      "requires": {
        "nan": "^2.14.1"
      }
    }
  }
}
